{
  "version": 4,
  "terraform_version": "1.15.8",
  "serial": 4,
  "lineage": "bc007f8a-a0bd-c018-a254-6732a7a6297c",
  "outputs": {
    "usuario_gerado": {
      "value": "flowing_yak",
      "type": "string"
    }
  },
  "resources": [
    {
      "mode": "managed",
      "type": "local_sensitive_file",
      "name": "credenciais",
      "provider": "provider[\"registry.terraform.io/hashicorp/local\"]",
      "instances": [
        {
          "schema_version": 0,
          "attributes": {
            "content": "usuario: flowing_yak\nsenha: p$3ks-Rehcx$uX#l",
            "content_base64": null,
            "content_base64sha256": "Qv/rVVpbGnUN04ci4d/CW6BDHZwF8awO4Ef0ni87vaM=",
            "content_base64sha512": "dEjlhn4Vn6vvms/ot+DS8V8UdSTua/6GxpIxZMfwEkEBB/Wt8l7aMalWJWDJQU82pUGfRcq577f7LrE53GKnSg==",
            "content_md5": "edda88e585cb35eedc31ca74a155b70e",
            "content_sha1": "117a445a8c207389ea9614693867af51c46d7d0c",
            "content_sha256": "42ffeb555a5b1a750dd38722e1dfc25ba0431d9c05f1ac0ee047f49e2f3bbda3",
            "content_sha512": "7448e5867e159fabef9acfe8b7e0d2f15f147524ee6bfe86c6923164c7f012410107f5adf25eda31a9562560c9414f36a5419f45cab9efb7fb2eb139dc62a74a",
            "directory_permission": "0700",
            "file_permission": "0700",
            "filename": "./credenciais.txt",
            "id": "117a445a8c207389ea9614693867af51c46d7d0c",
            "source": null
          },
          "sensitive_attributes": [
            [
              {
                "type": "get_attr",
                "value": "content"
              }
            ],
            [
              {
                "type": "get_attr",
                "value": "content_base64"
              }
            ]
          ],
          "identity_schema_version": 0,
          "dependencies": [
            "random_password.senha",
            "random_pet.usuario"
          ]
        }
      ]
    },
    {
      "mode": "managed",
      "type": "random_password",
      "name": "senha",
      "provider": "provider[\"registry.terraform.io/hashicorp/random\"]",
      "instances": [
        {
          "schema_version": 3,
          "attributes": {
            "bcrypt_hash": "$2a$10$uJUkBu/.Op00rVdTDjNXQuiK4lxhrtvdqXQCBbSzi/95EUabyDC9y",
            "id": "none",
            "keepers": null,
            "length": 16,
            "lower": true,
            "min_lower": 0,
            "min_numeric": 0,
            "min_special": 0,
            "min_upper": 0,
            "number": true,
            "numeric": true,
            "override_special": null,
            "result": "p$3ks-Rehcx$uX#l",
            "special": true,
            "upper": true
          },
          "sensitive_attributes": [
            [
              {
                "type": "get_attr",
                "value": "bcrypt_hash"
              }
            ],
            [
              {
                "type": "get_attr",
                "value": "result"
              }
            ]
          ],
          "identity_schema_version": 0
        }
      ]
    },
    {
      "mode": "managed",
      "type": "random_pet",
      "name": "usuario",
      "provider": "provider[\"registry.terraform.io/hashicorp/random\"]",
      "instances": [
        {
          "schema_version": 0,
          "attributes": {
            "id": "flowing_yak",
            "keepers": null,
            "length": 2,
            "prefix": null,
            "separator": "_"
          },
          "sensitive_attributes": [],
          "identity_schema_version": 0
        }
      ]
    }
  ],
  "check_results": null
}
