{
  "version": 4,
  "terraform_version": "1.15.8",
  "serial": 5,
  "lineage": "0d63d987-8201-aac0-6cee-8fd2dae63710",
  "outputs": {},
  "resources": [
    {
      "mode": "managed",
      "type": "local_file",
      "name": "Ola_Mundo",
      "provider": "provider[\"registry.terraform.io/hashicorp/local\"]",
      "instances": [
        {
          "schema_version": 0,
          "attributes": {
            "content": "Olá, Mundo Terraform!",
            "content_base64": null,
            "content_base64sha256": "6jtvC6T955KTYmwSo+qNFD3epyA/PqmhdE1f1QJaJ9c=",
            "content_base64sha512": "kXbUTlrCbcichf4bqotHZXYO8GXANt1FFos+k7QUNDrxj98+ZiUnbLu8oIR1XC6EbDPTy3TfTmXPWKoO5y7ZMA==",
            "content_md5": "2c7c9409e258cc905627d8548aa5ffaf",
            "content_sha1": "e1d7d1ffb9c14aaf72ed68dec665c48bd465b743",
            "content_sha256": "ea3b6f0ba4fde79293626c12a3ea8d143ddea7203f3ea9a1744d5fd5025a27d7",
            "content_sha512": "9176d44e5ac26dc89c85fe1baa8b4765760ef065c036dd45168b3e93b414343af18fdf3e6625276cbbbca084755c2e846c33d3cb74df4e65cf58aa0ee72ed930",
            "directory_permission": "0777",
            "file_permission": "0777",
            "filename": "./ola.txt",
            "id": "e1d7d1ffb9c14aaf72ed68dec665c48bd465b743",
            "sensitive_content": null,
            "source": null
          },
          "sensitive_attributes": [
            [
              {
                "type": "get_attr",
                "value": "sensitive_content"
              }
            ]
          ],
          "identity_schema_version": 0
        }
      ]
    }
  ],
  "check_results": null
}
